
Microsoft Visual Studio Solution File, Format Version 12.00
# Visual Studio 15
VisualStudioVersion = 15.0.28010.2046
MinimumVisualStudioVersion = 10.0.40219.1
Project("{FAE04EC0-301F-11D3-BF4B-00C04F79EFBC}") = "Lecture7", "Lecture7\Lecture7.csproj", "{343479C9-53F0-4457-AAF6-CA22FEF51D89}"
EndProject
Global
	GlobalSection(SolutionConfigurationPlatforms) = preSolution
		Debug|Any CPU = Debug|Any CPU
		Release|Any CPU = Release|Any CPU
	EndGlobalSection
	GlobalSection(ProjectConfigurationPlatforms) = postSolution
		{343479C9-53F0-4457-AAF6-CA22FEF51D89}.Debug|Any CPU.ActiveCfg = Debug|Any CPU
		{343479C9-53F0-4457-AAF6-CA22FEF51D89}.Debug|Any CPU.Build.0 = Debug|Any CPU
		{343479C9-53F0-4457-AAF6-CA22FEF51D89}.Release|Any CPU.ActiveCfg = Release|Any CPU
		{343479C9-53F0-4457-AAF6-CA22FEF51D89}.Release|Any CPU.Build.0 = Release|Any CPU
	EndGlobalSection
	GlobalSection(SolutionProperties) = preSolution
		HideSolutionNode = FALSE
	EndGlobalSection
	GlobalSection(ExtensibilityGlobals) = postSolution
		SolutionGuid = {B24F7B36-3EE3-45BD-8E97-5827FDC392E3}
	EndGlobalSection
EndGlobal
